
Microsoft Visual Studio Solution File, Format Version 12.00
# Visual Studio Version 16
VisualStudioVersion = 16.6.30114.105
MinimumVisualStudioVersion = 10.0.40219.1
Project("{2150E333-8FDC-42A3-9474-1A3956D46DE8}") = "src", "src", "{38DF4AF2-E02C-4A2A-9AD0-7772AE02FB6B}"
EndProject
Project("{FAE04EC0-301F-11D3-BF4B-00C04F79EFBC}") = "InterfaceApi", "src\InterfaceApi\InterfaceApi.csproj", "{10FE311D-C1DE-4B41-BADC-6E468183BD0B}"
EndProject
Project("{FAE04EC0-301F-11D3-BF4B-00C04F79EFBC}") = "InterfaceApiClient", "src\InterfaceApiClient\InterfaceApiClient.csproj", "{BEE98DCC-344C-4364-8145-CF1E7B33F190}"
EndProject
Project("{FAE04EC0-301F-11D3-BF4B-00C04F79EFBC}") = "InterfaceOpenApi", "src\InterfaceOpenApi\InterfaceOpenApi.csproj", "{B9DECF72-C3BD-4972-B47A-75A95AABD054}"
EndProject
Project("{2150E333-8FDC-42A3-9474-1A3956D46DE8}") = "tests", "tests", "{1B2F8B23-06FC-4AC9-8447-551C2E817FB0}"
EndProject
Project("{FAE04EC0-301F-11D3-BF4B-00C04F79EFBC}") = "InterfaceApiClient.Tests", "tests\InterfaceApiClient\InterfaceApiClient.Tests.csproj", "{5E0AA746-9541-425A-975E-EFD77EAE6728}"
EndProject
Project("{FAE04EC0-301F-11D3-BF4B-00C04F79EFBC}") = "InterfaceOpenApi.Tests", "tests\InterfaceOpenApi\InterfaceOpenApi.Tests.csproj", "{2C126D85-DA63-4AE5-BAB4-2440C6B9B426}"
EndProject
Project("{2150E333-8FDC-42A3-9474-1A3956D46DE8}") = "sample", "sample", "{6516FCA3-37DB-4268-9C40-8B1A50582595}"
EndProject
Project("{FAE04EC0-301F-11D3-BF4B-00C04F79EFBC}") = "InterfaceApi.Sample.Shared", "sample\InterfaceApi.Sample.Shared\InterfaceApi.Sample.Shared.csproj", "{5126969C-D5C0-4510-904C-A2F6A3236A8F}"
EndProject
Project("{FAE04EC0-301F-11D3-BF4B-00C04F79EFBC}") = "InterfaceApi.Sample.Web", "sample\InterfaceApi.Sample.Web\InterfaceApi.Sample.Web.csproj", "{319F2F90-09BD-499A-898F-81AF54431D63}"
EndProject
Project("{FAE04EC0-301F-11D3-BF4B-00C04F79EFBC}") = "InterfaceApi.Sample.Client", "sample\InterfaceApi.Sample.Client\InterfaceApi.Sample.Client.csproj", "{CBCB9D44-E908-4240-B5EC-DE2B03F63A18}"
EndProject
Global
	GlobalSection(SolutionConfigurationPlatforms) = preSolution
		Debug|Any CPU = Debug|Any CPU
		Debug|x64 = Debug|x64
		Debug|x86 = Debug|x86
		Release|Any CPU = Release|Any CPU
		Release|x64 = Release|x64
		Release|x86 = Release|x86
	EndGlobalSection
	GlobalSection(SolutionProperties) = preSolution
		HideSolutionNode = FALSE
	EndGlobalSection
	GlobalSection(ProjectConfigurationPlatforms) = postSolution
		{10FE311D-C1DE-4B41-BADC-6E468183BD0B}.Debug|Any CPU.ActiveCfg = Debug|Any CPU
		{10FE311D-C1DE-4B41-BADC-6E468183BD0B}.Debug|Any CPU.Build.0 = Debug|Any CPU
		{10FE311D-C1DE-4B41-BADC-6E468183BD0B}.Debug|x64.ActiveCfg = Debug|Any CPU
		{10FE311D-C1DE-4B41-BADC-6E468183BD0B}.Debug|x64.Build.0 = Debug|Any CPU
		{10FE311D-C1DE-4B41-BADC-6E468183BD0B}.Debug|x86.ActiveCfg = Debug|Any CPU
		{10FE311D-C1DE-4B41-BADC-6E468183BD0B}.Debug|x86.Build.0 = Debug|Any CPU
		{10FE311D-C1DE-4B41-BADC-6E468183BD0B}.Release|Any CPU.ActiveCfg = Release|Any CPU
		{10FE311D-C1DE-4B41-BADC-6E468183BD0B}.Release|Any CPU.Build.0 = Release|Any CPU
		{10FE311D-C1DE-4B41-BADC-6E468183BD0B}.Release|x64.ActiveCfg = Release|Any CPU
		{10FE311D-C1DE-4B41-BADC-6E468183BD0B}.Release|x64.Build.0 = Release|Any CPU
		{10FE311D-C1DE-4B41-BADC-6E468183BD0B}.Release|x86.ActiveCfg = Release|Any CPU
		{10FE311D-C1DE-4B41-BADC-6E468183BD0B}.Release|x86.Build.0 = Release|Any CPU
		{BEE98DCC-344C-4364-8145-CF1E7B33F190}.Debug|Any CPU.ActiveCfg = Debug|Any CPU
		{BEE98DCC-344C-4364-8145-CF1E7B33F190}.Debug|Any CPU.Build.0 = Debug|Any CPU
		{BEE98DCC-344C-4364-8145-CF1E7B33F190}.Debug|x64.ActiveCfg = Debug|Any CPU
		{BEE98DCC-344C-4364-8145-CF1E7B33F190}.Debug|x64.Build.0 = Debug|Any CPU
		{BEE98DCC-344C-4364-8145-CF1E7B33F190}.Debug|x86.ActiveCfg = Debug|Any CPU
		{BEE98DCC-344C-4364-8145-CF1E7B33F190}.Debug|x86.Build.0 = Debug|Any CPU
		{BEE98DCC-344C-4364-8145-CF1E7B33F190}.Release|Any CPU.ActiveCfg = Release|Any CPU
		{BEE98DCC-344C-4364-8145-CF1E7B33F190}.Release|Any CPU.Build.0 = Release|Any CPU
		{BEE98DCC-344C-4364-8145-CF1E7B33F190}.Release|x64.ActiveCfg = Release|Any CPU
		{BEE98DCC-344C-4364-8145-CF1E7B33F190}.Release|x64.Build.0 = Release|Any CPU
		{BEE98DCC-344C-4364-8145-CF1E7B33F190}.Release|x86.ActiveCfg = Release|Any CPU
		{BEE98DCC-344C-4364-8145-CF1E7B33F190}.Release|x86.Build.0 = Release|Any CPU
		{B9DECF72-C3BD-4972-B47A-75A95AABD054}.Debug|Any CPU.ActiveCfg = Debug|Any CPU
		{B9DECF72-C3BD-4972-B47A-75A95AABD054}.Debug|Any CPU.Build.0 = Debug|Any CPU
		{B9DECF72-C3BD-4972-B47A-75A95AABD054}.Debug|x64.ActiveCfg = Debug|Any CPU
		{B9DECF72-C3BD-4972-B47A-75A95AABD054}.Debug|x64.Build.0 = Debug|Any CPU
		{B9DECF72-C3BD-4972-B47A-75A95AABD054}.Debug|x86.ActiveCfg = Debug|Any CPU
		{B9DECF72-C3BD-4972-B47A-75A95AABD054}.Debug|x86.Build.0 = Debug|Any CPU
		{B9DECF72-C3BD-4972-B47A-75A95AABD054}.Release|Any CPU.ActiveCfg = Release|Any CPU
		{B9DECF72-C3BD-4972-B47A-75A95AABD054}.Release|Any CPU.Build.0 = Release|Any CPU
		{B9DECF72-C3BD-4972-B47A-75A95AABD054}.Release|x64.ActiveCfg = Release|Any CPU
		{B9DECF72-C3BD-4972-B47A-75A95AABD054}.Release|x64.Build.0 = Release|Any CPU
		{B9DECF72-C3BD-4972-B47A-75A95AABD054}.Release|x86.ActiveCfg = Release|Any CPU
		{B9DECF72-C3BD-4972-B47A-75A95AABD054}.Release|x86.Build.0 = Release|Any CPU
		{5E0AA746-9541-425A-975E-EFD77EAE6728}.Debug|Any CPU.ActiveCfg = Debug|Any CPU
		{5E0AA746-9541-425A-975E-EFD77EAE6728}.Debug|Any CPU.Build.0 = Debug|Any CPU
		{5E0AA746-9541-425A-975E-EFD77EAE6728}.Debug|x64.ActiveCfg = Debug|Any CPU
		{5E0AA746-9541-425A-975E-EFD77EAE6728}.Debug|x64.Build.0 = Debug|Any CPU
		{5E0AA746-9541-425A-975E-EFD77EAE6728}.Debug|x86.ActiveCfg = Debug|Any CPU
		{5E0AA746-9541-425A-975E-EFD77EAE6728}.Debug|x86.Build.0 = Debug|Any CPU
		{5E0AA746-9541-425A-975E-EFD77EAE6728}.Release|Any CPU.ActiveCfg = Release|Any CPU
		{5E0AA746-9541-425A-975E-EFD77EAE6728}.Release|Any CPU.Build.0 = Release|Any CPU
		{5E0AA746-9541-425A-975E-EFD77EAE6728}.Release|x64.ActiveCfg = Release|Any CPU
		{5E0AA746-9541-425A-975E-EFD77EAE6728}.Release|x64.Build.0 = Release|Any CPU
		{5E0AA746-9541-425A-975E-EFD77EAE6728}.Release|x86.ActiveCfg = Release|Any CPU
		{5E0AA746-9541-425A-975E-EFD77EAE6728}.Release|x86.Build.0 = Release|Any CPU
		{2C126D85-DA63-4AE5-BAB4-2440C6B9B426}.Debug|Any CPU.ActiveCfg = Debug|Any CPU
		{2C126D85-DA63-4AE5-BAB4-2440C6B9B426}.Debug|Any CPU.Build.0 = Debug|Any CPU
		{2C126D85-DA63-4AE5-BAB4-2440C6B9B426}.Debug|x64.ActiveCfg = Debug|Any CPU
		{2C126D85-DA63-4AE5-BAB4-2440C6B9B426}.Debug|x64.Build.0 = Debug|Any CPU
		{2C126D85-DA63-4AE5-BAB4-2440C6B9B426}.Debug|x86.ActiveCfg = Debug|Any CPU
		{2C126D85-DA63-4AE5-BAB4-2440C6B9B426}.Debug|x86.Build.0 = Debug|Any CPU
		{2C126D85-DA63-4AE5-BAB4-2440C6B9B426}.Release|Any CPU.ActiveCfg = Release|Any CPU
		{2C126D85-DA63-4AE5-BAB4-2440C6B9B426}.Release|Any CPU.Build.0 = Release|Any CPU
		{2C126D85-DA63-4AE5-BAB4-2440C6B9B426}.Release|x64.ActiveCfg = Release|Any CPU
		{2C126D85-DA63-4AE5-BAB4-2440C6B9B426}.Release|x64.Build.0 = Release|Any CPU
		{2C126D85-DA63-4AE5-BAB4-2440C6B9B426}.Release|x86.ActiveCfg = Release|Any CPU
		{2C126D85-DA63-4AE5-BAB4-2440C6B9B426}.Release|x86.Build.0 = Release|Any CPU
		{5126969C-D5C0-4510-904C-A2F6A3236A8F}.Debug|Any CPU.ActiveCfg = Debug|Any CPU
		{5126969C-D5C0-4510-904C-A2F6A3236A8F}.Debug|Any CPU.Build.0 = Debug|Any CPU
		{5126969C-D5C0-4510-904C-A2F6A3236A8F}.Debug|x64.ActiveCfg = Debug|Any CPU
		{5126969C-D5C0-4510-904C-A2F6A3236A8F}.Debug|x64.Build.0 = Debug|Any CPU
		{5126969C-D5C0-4510-904C-A2F6A3236A8F}.Debug|x86.ActiveCfg = Debug|Any CPU
		{5126969C-D5C0-4510-904C-A2F6A3236A8F}.Debug|x86.Build.0 = Debug|Any CPU
		{5126969C-D5C0-4510-904C-A2F6A3236A8F}.Release|Any CPU.ActiveCfg = Release|Any CPU
		{5126969C-D5C0-4510-904C-A2F6A3236A8F}.Release|Any CPU.Build.0 = Release|Any CPU
		{5126969C-D5C0-4510-904C-A2F6A3236A8F}.Release|x64.ActiveCfg = Release|Any CPU
		{5126969C-D5C0-4510-904C-A2F6A3236A8F}.Release|x64.Build.0 = Release|Any CPU
		{5126969C-D5C0-4510-904C-A2F6A3236A8F}.Release|x86.ActiveCfg = Release|Any CPU
		{5126969C-D5C0-4510-904C-A2F6A3236A8F}.Release|x86.Build.0 = Release|Any CPU
		{319F2F90-09BD-499A-898F-81AF54431D63}.Debug|Any CPU.ActiveCfg = Debug|Any CPU
		{319F2F90-09BD-499A-898F-81AF54431D63}.Debug|Any CPU.Build.0 = Debug|Any CPU
		{319F2F90-09BD-499A-898F-81AF54431D63}.Debug|x64.ActiveCfg = Debug|Any CPU
		{319F2F90-09BD-499A-898F-81AF54431D63}.Debug|x64.Build.0 = Debug|Any CPU
		{319F2F90-09BD-499A-898F-81AF54431D63}.Debug|x86.ActiveCfg = Debug|Any CPU
		{319F2F90-09BD-499A-898F-81AF54431D63}.Debug|x86.Build.0 = Debug|Any CPU
		{319F2F90-09BD-499A-898F-81AF54431D63}.Release|Any CPU.ActiveCfg = Release|Any CPU
		{319F2F90-09BD-499A-898F-81AF54431D63}.Release|Any CPU.Build.0 = Release|Any CPU
		{319F2F90-09BD-499A-898F-81AF54431D63}.Release|x64.ActiveCfg = Release|Any CPU
		{319F2F90-09BD-499A-898F-81AF54431D63}.Release|x64.Build.0 = Release|Any CPU
		{319F2F90-09BD-499A-898F-81AF54431D63}.Release|x86.ActiveCfg = Release|Any CPU
		{319F2F90-09BD-499A-898F-81AF54431D63}.Release|x86.Build.0 = Release|Any CPU
		{CBCB9D44-E908-4240-B5EC-DE2B03F63A18}.Debug|Any CPU.ActiveCfg = Debug|Any CPU
		{CBCB9D44-E908-4240-B5EC-DE2B03F63A18}.Debug|Any CPU.Build.0 = Debug|Any CPU
		{CBCB9D44-E908-4240-B5EC-DE2B03F63A18}.Debug|x64.ActiveCfg = Debug|Any CPU
		{CBCB9D44-E908-4240-B5EC-DE2B03F63A18}.Debug|x64.Build.0 = Debug|Any CPU
		{CBCB9D44-E908-4240-B5EC-DE2B03F63A18}.Debug|x86.ActiveCfg = Debug|Any CPU
		{CBCB9D44-E908-4240-B5EC-DE2B03F63A18}.Debug|x86.Build.0 = Debug|Any CPU
		{CBCB9D44-E908-4240-B5EC-DE2B03F63A18}.Release|Any CPU.ActiveCfg = Release|Any CPU
		{CBCB9D44-E908-4240-B5EC-DE2B03F63A18}.Release|Any CPU.Build.0 = Release|Any CPU
		{CBCB9D44-E908-4240-B5EC-DE2B03F63A18}.Release|x64.ActiveCfg = Release|Any CPU
		{CBCB9D44-E908-4240-B5EC-DE2B03F63A18}.Release|x64.Build.0 = Release|Any CPU
		{CBCB9D44-E908-4240-B5EC-DE2B03F63A18}.Release|x86.ActiveCfg = Release|Any CPU
		{CBCB9D44-E908-4240-B5EC-DE2B03F63A18}.Release|x86.Build.0 = Release|Any CPU
	EndGlobalSection
	GlobalSection(NestedProjects) = preSolution
		{10FE311D-C1DE-4B41-BADC-6E468183BD0B} = {38DF4AF2-E02C-4A2A-9AD0-7772AE02FB6B}
		{BEE98DCC-344C-4364-8145-CF1E7B33F190} = {38DF4AF2-E02C-4A2A-9AD0-7772AE02FB6B}
		{B9DECF72-C3BD-4972-B47A-75A95AABD054} = {38DF4AF2-E02C-4A2A-9AD0-7772AE02FB6B}
		{5E0AA746-9541-425A-975E-EFD77EAE6728} = {1B2F8B23-06FC-4AC9-8447-551C2E817FB0}
		{2C126D85-DA63-4AE5-BAB4-2440C6B9B426} = {1B2F8B23-06FC-4AC9-8447-551C2E817FB0}
		{5126969C-D5C0-4510-904C-A2F6A3236A8F} = {6516FCA3-37DB-4268-9C40-8B1A50582595}
		{319F2F90-09BD-499A-898F-81AF54431D63} = {6516FCA3-37DB-4268-9C40-8B1A50582595}
		{CBCB9D44-E908-4240-B5EC-DE2B03F63A18} = {6516FCA3-37DB-4268-9C40-8B1A50582595}
	EndGlobalSection
EndGlobal
